{
  "name": "test-json2dir",
  "version": "1.0.0",
  "lockfileVersion": 2,
  "requires": true,
  "packages": {
    "": {
      "name": "test-json2dir",
      "version": "1.0.0",
      "license": "ISC",
      "dependencies": {
        "json2dir": "^0.1.1"
      }
    },
    "node_modules/json2dir": {
      "version": "0.1.1",
      "resolved": "https://registry.npmjs.org/json2dir/-/json2dir-0.1.1.tgz",
      "integrity": "sha512-rOl9H1a+XFKF7x42cQrxNjJesl53D45rcDB5OEQg11K6HJXPbSuZOwjQrR6GgaJXFDhVSwXIBhCLmC566QBiig=="
    }
  },
  "dependencies": {
    "json2dir": {
      "version": "0.1.1",
      "resolved": "https://registry.npmjs.org/json2dir/-/json2dir-0.1.1.tgz",
      "integrity": "sha512-rOl9H1a+XFKF7x42cQrxNjJesl53D45rcDB5OEQg11K6HJXPbSuZOwjQrR6GgaJXFDhVSwXIBhCLmC566QBiig=="
    }
  }
}
