{
  "name": "test-json2dir",
  "version": "1.0.0",
  "lockfileVersion": 2,
  "requires": true,
  "packages": {
    "": {
      "name": "test-json2dir",
      "version": "1.0.0",
      "license": "ISC",
      "dependencies": {
        "json2dir": "^0.1.4"
      }
    },
    "node_modules/json2dir": {
      "version": "0.1.4",
      "resolved": "https://registry.npmjs.org/json2dir/-/json2dir-0.1.4.tgz",
      "integrity": "sha512-YyyZ+6QT961PpD88NIc1R8xxgfsXCX65OatgjyiyDmzOIvcZxoShPYxB474BGCpgG8s6NymkanAl+IQaQLx4qA=="
    }
  },
  "dependencies": {
    "json2dir": {
      "version": "0.1.4",
      "resolved": "https://registry.npmjs.org/json2dir/-/json2dir-0.1.4.tgz",
      "integrity": "sha512-YyyZ+6QT961PpD88NIc1R8xxgfsXCX65OatgjyiyDmzOIvcZxoShPYxB474BGCpgG8s6NymkanAl+IQaQLx4qA=="
    }
  }
}
