{
  "name": "test-json2dir",
  "version": "1.0.0",
  "lockfileVersion": 2,
  "requires": true,
  "packages": {
    "": {
      "name": "test-json2dir",
      "version": "1.0.0",
      "license": "ISC",
      "dependencies": {
        "json2dir": "^0.1.0"
      }
    },
    "node_modules/json2dir": {
      "version": "0.1.0",
      "resolved": "https://registry.npmjs.org/json2dir/-/json2dir-0.1.0.tgz",
      "integrity": "sha512-RXHeioBIRP48Rs+wCFZl4wh3gGxpJ69CnOyTa9cv/TSKb2Od8b6BqACYisUOy1RpNfC8QuKrXIenwT7bx7w+DA=="
    }
  },
  "dependencies": {
    "json2dir": {
      "version": "0.1.0",
      "resolved": "https://registry.npmjs.org/json2dir/-/json2dir-0.1.0.tgz",
      "integrity": "sha512-RXHeioBIRP48Rs+wCFZl4wh3gGxpJ69CnOyTa9cv/TSKb2Od8b6BqACYisUOy1RpNfC8QuKrXIenwT7bx7w+DA=="
    }
  }
}
